
Microsoft Visual Studio Solution File, Format Version 12.00
# Visual Studio Version 17
VisualStudioVersion = 17.8.34316.72
MinimumVisualStudioVersion = 10.0.40219.1
Project("{FAE04EC0-301F-11D3-BF4B-00C04F79EFBC}") = "Fujitsu", "Fujitsu\Fujitsu.csproj", "{044AC959-AB84-4869-B8F4-3072C29CB5DC}"
EndProject
Global
	GlobalSection(SolutionConfigurationPlatforms) = preSolution
		Debug|Any CPU = Debug|Any CPU
		Release|Any CPU = Release|Any CPU
	EndGlobalSection
	GlobalSection(ProjectConfigurationPlatforms) = postSolution
		{044AC959-AB84-4869-B8F4-3072C29CB5DC}.Debug|Any CPU.ActiveCfg = Debug|Any CPU
		{044AC959-AB84-4869-B8F4-3072C29CB5DC}.Debug|Any CPU.Build.0 = Debug|Any CPU
		{044AC959-AB84-4869-B8F4-3072C29CB5DC}.Release|Any CPU.ActiveCfg = Release|Any CPU
		{044AC959-AB84-4869-B8F4-3072C29CB5DC}.Release|Any CPU.Build.0 = Release|Any CPU
	EndGlobalSection
	GlobalSection(SolutionProperties) = preSolution
		HideSolutionNode = FALSE
	EndGlobalSection
	GlobalSection(ExtensibilityGlobals) = postSolution
		SolutionGuid = {D8D1DEE7-BFA1-4CD2-B550-98A4D490443C}
	EndGlobalSection
EndGlobal
